# @generated by Move, please check-in and do not edit manually.

[move]
version = 3
manifest_digest = "A2C011EBD6BFE27BCD675E7C28E098F4E45E44E6BD3FCA4BDF1A189E919FC408"
deps_digest = "F8BBB0CCB2491CA29A3DF03D6F92277A4F3574266507ACD77214D37ECA3F3082"
dependencies = [
  { id = "Sui", name = "Sui" },
]

[[move.package]]
id = "MoveStdlib"
source = { git = "https://github.com/MystenLabs/sui.git", rev = "framework/testnet", subdir = "crates\\sui-framework\\packages\\move-stdlib" }

[[move.package]]
id = "Sui"
source = { git = "https://github.com/MystenLabs/sui.git", rev = "framework/testnet", subdir = "crates/sui-framework/packages/sui-framework" }

dependencies = [
  { id = "MoveStdlib", name = "MoveStdlib" },
]

[move.toolchain-version]
compiler-version = "1.37.1"
edition = "2024.beta"
flavor = "sui"

[env]

[env.testnet]
chain-id = "4c78adac"
original-published-id = "0xf1cdc87254811be045928bc5421e408d23df7d3249331a9c9857fbd7de8742d9"
latest-published-id = "0xf1cdc87254811be045928bc5421e408d23df7d3249331a9c9857fbd7de8742d9"
published-version = "1"
